
Microsoft Visual Studio Solution File, Format Version 12.00
# Visual Studio Version 17
VisualStudioVersion = 17.1.32414.318
MinimumVisualStudioVersion = 10.0.40219.1
Project("{FAE04EC0-301F-11D3-BF4B-00C04F79EFBC}") = "ULSDatabaseImport", "ULSDatabaseImport.csproj", "{87DD6E44-7984-4C0B-962C-35583C2CF92D}"
EndProject
Global
	GlobalSection(SolutionConfigurationPlatforms) = preSolution
		Debug|Any CPU = Debug|Any CPU
		Release|Any CPU = Release|Any CPU
	EndGlobalSection
	GlobalSection(ProjectConfigurationPlatforms) = postSolution
		{87DD6E44-7984-4C0B-962C-35583C2CF92D}.Debug|Any CPU.ActiveCfg = Debug|Any CPU
		{87DD6E44-7984-4C0B-962C-35583C2CF92D}.Debug|Any CPU.Build.0 = Debug|Any CPU
		{87DD6E44-7984-4C0B-962C-35583C2CF92D}.Release|Any CPU.ActiveCfg = Release|Any CPU
		{87DD6E44-7984-4C0B-962C-35583C2CF92D}.Release|Any CPU.Build.0 = Release|Any CPU
	EndGlobalSection
	GlobalSection(SolutionProperties) = preSolution
		HideSolutionNode = FALSE
	EndGlobalSection
	GlobalSection(ExtensibilityGlobals) = postSolution
		SolutionGuid = {CD054F80-7CE7-4800-8AA0-6747C577E005}
	EndGlobalSection
EndGlobal
